
Microsoft Visual Studio Solution File, Format Version 12.00
# Visual Studio Version 17
VisualStudioVersion = 17.3.32929.385
MinimumVisualStudioVersion = 10.0.40219.1
Project("{FAE04EC0-301F-11D3-BF4B-00C04F79EFBC}") = "FilmesAPI", "FilmesAPI\FilmesAPI.csproj", "{BBE44D17-15D2-42F4-947E-64D3E83CF023}"
EndProject
Global
	GlobalSection(SolutionConfigurationPlatforms) = preSolution
		Debug|Any CPU = Debug|Any CPU
		Release|Any CPU = Release|Any CPU
	EndGlobalSection
	GlobalSection(ProjectConfigurationPlatforms) = postSolution
		{BBE44D17-15D2-42F4-947E-64D3E83CF023}.Debug|Any CPU.ActiveCfg = Debug|Any CPU
		{BBE44D17-15D2-42F4-947E-64D3E83CF023}.Debug|Any CPU.Build.0 = Debug|Any CPU
		{BBE44D17-15D2-42F4-947E-64D3E83CF023}.Release|Any CPU.ActiveCfg = Release|Any CPU
		{BBE44D17-15D2-42F4-947E-64D3E83CF023}.Release|Any CPU.Build.0 = Release|Any CPU
	EndGlobalSection
	GlobalSection(SolutionProperties) = preSolution
		HideSolutionNode = FALSE
	EndGlobalSection
	GlobalSection(ExtensibilityGlobals) = postSolution
		SolutionGuid = {FE16A64F-BED1-450C-8BB4-5842D6DFF5BC}
	EndGlobalSection
EndGlobal
